{
  "name": "samples",
  "version": "1.0.0",
  "lockfileVersion": 1,
  "requires": true,
  "dependencies": {
    "immer": {
      "version": "1.9.2",
      "resolved": "https://registry.npmjs.org/immer/-/immer-1.9.2.tgz",
      "integrity": "sha512-AmTGHRa7IRer/MTyQqTBn3FkhuE6FWkH5qTzBd4mbtI6EVSuVSgx2lv8q8pW0jgZ7+RMTIHAmCaWR/tEVIQGaQ=="
    }
  }
}
